// !$*UTF8*$!
{
	archiveVersion = 1;
	classes = {
	};
	objectVersion = 50;
	objects = {

/* Begin PBXBuildFile section */
		B34A94DB2742DD66000E2660 /* DropGameApp.swift in Sources */ = {isa = PBXBuildFile; fileRef = B34A94DA2742DD66000E2660 /* DropGameApp.swift */; };
		B34A94DD2742DD66000E2660 /* DropGameView.swift in Sources */ = {isa = PBXBuildFile; fileRef = B34A94DC2742DD66000E2660 /* DropGameView.swift */; };
		B34A94DF2742DD67000E2660 /* Assets.xcassets in Resources */ = {isa = PBXBuildFile; fileRef = B34A94DE2742DD67000E2660 /* Assets.xcassets */; };
		B34A94E22742DD67000E2660 /* Preview Assets.xcassets in Resources */ = {isa = PBXBuildFile; fileRef = B34A94E12742DD67000E2660 /* Preview Assets.xcassets */; };
		B34A94EF2742DE3E000E2660 /* GameScene.swift in Sources */ = {isa = PBXBuildFile; fileRef = B34A94EE2742DE3E000E2660 /* GameScene.swift */; };
/* End PBXBuildFile section */

/* Begin PBXFileReference section */
		B34A94D72742DD66000E2660 /* DropGame.app */ = {isa = PBXFileReference; explicitFileType = wrapper.application; includeInIndex = 0; path = DropGame.app; sourceTree = BUILT_PRODUCTS_DIR; };
		B34A94DA2742DD66000E2660 /* DropGameApp.swift */ = {isa = PBXFileReference; lastKnownFileType = sourcecode.swift; path = DropGameApp.swift; sourceTree = "<group>"; };
		B34A94DC2742DD66000E2660 /* DropGameView.swift */ = {isa = PBXFileReference; lastKnownFileType = sourcecode.swift; path = DropGameView.swift; sourceTree = "<group>"; };
		B34A94DE2742DD67000E2660 /* Assets.xcassets */ = {isa = PBXFileReference; lastKnownFileType = folder.assetcatalog; path = Assets.xcassets; sourceTree = "<group>"; };
		B34A94E12742DD67000E2660 /* Preview Assets.xcassets */ = {isa = PBXFileReference; lastKnownFileType = folder.assetcatalog; path = "Preview Assets.xcassets"; sourceTree = "<group>"; };
		B34A94E32742DD67000E2660 /* Info.plist */ = {isa = PBXFileReference; lastKnownFileType = text.plist.xml; path = Info.plist; sourceTree = "<group>"; };
		B34A94EE2742DE3E000E2660 /* GameScene.swift */ = {isa = PBXFileReference; lastKnownFileType = sourcecode.swift; path = GameScene.swift; sourceTree = "<group>"; };
/* End PBXFileReference section */

/* Begin PBXFrameworksBuildPhase section */
		B34A94D42742DD66000E2660 /* Frameworks */ = {
			isa = PBXFrameworksBuildPhase;
			buildActionMask = 2147483647;
			files = (
			);
			runOnlyForDeploymentPostprocessing = 0;
		};
/* End PBXFrameworksBuildPhase section */

/* Begin PBXGroup section */
		B34A94CE2742DD66000E2660 = {
			isa = PBXGroup;
			children = (
				B34A94D92742DD66000E2660 /* DropGame */,
				B34A94D82742DD66000E2660 /* Products */,
			);
			sourceTree = "<group>";
		};
		B34A94D82742DD66000E2660 /* Products */ = {
			isa = PBXGroup;
			children = (
				B34A94D72742DD66000E2660 /* DropGame.app */,
			);
			name = Products;
			sourceTree = "<group>";
		};
		B34A94D92742DD66000E2660 /* DropGame */ = {
			isa = PBXGroup;
			children = (
				B34A94ED2742DE2D000E2660 /* Scenes */,
				B34A94EB2742DDFB000E2660 /* Resources */,
				B34A94DC2742DD66000E2660 /* DropGameView.swift */,
				B34A94E02742DD67000E2660 /* Preview Content */,
			);
			path = DropGame;
			sourceTree = "<group>";
		};
		B34A94E02742DD67000E2660 /* Preview Content */ = {
			isa = PBXGroup;
			children = (
				B34A94E12742DD67000E2660 /* Preview Assets.xcassets */,
			);
			path = "Preview Content";
			sourceTree = "<group>";
		};
		B34A94EB2742DDFB000E2660 /* Resources */ = {
			isa = PBXGroup;
			children = (
				B34A94DA2742DD66000E2660 /* DropGameApp.swift */,
				B34A94DE2742DD67000E2660 /* Assets.xcassets */,
				B34A94E32742DD67000E2660 /* Info.plist */,
			);
			path = Resources;
			sourceTree = "<group>";
		};
		B34A94ED2742DE2D000E2660 /* Scenes */ = {
			isa = PBXGroup;
			children = (
				B34A94EE2742DE3E000E2660 /* GameScene.swift */,
			);
			path = Scenes;
			sourceTree = "<group>";
		};
/* End PBXGroup section */

/* Begin PBXNativeTarget section */
		B34A94D62742DD66000E2660 /* DropGame */ = {
			isa = PBXNativeTarget;
			buildConfigurationList = B34A94E62742DD67000E2660 /* Build configuration list for PBXNativeTarget "DropGame" */;
			buildPhases = (
				B34A94D32742DD66000E2660 /* Sources */,
				B34A94D42742DD66000E2660 /* Frameworks */,
				B34A94D52742DD66000E2660 /* Resources */,
			);
			buildRules = (
			);
			dependencies = (
			);
			name = DropGame;
			productName = DropGame;
			productReference = B34A94D72742DD66000E2660 /* DropGame.app */;
			productType = "com.apple.product-type.application";
		};
/* End PBXNativeTarget section */

/* Begin PBXProject section */
		B34A94CF2742DD66000E2660 /* Project object */ = {
			isa = PBXProject;
			attributes = {
				LastSwiftUpdateCheck = 1220;
				LastUpgradeCheck = 1220;
				TargetAttributes = {
					B34A94D62742DD66000E2660 = {
						CreatedOnToolsVersion = 12.2;
					};
				};
			};
			buildConfigurationList = B34A94D22742DD66000E2660 /* Build configuration list for PBXProject "DropGame" */;
			compatibilityVersion = "Xcode 9.3";
			developmentRegion = en;
			hasScannedForEncodings = 0;
			knownRegions = (
				en,
				Base,
			);
			mainGroup = B34A94CE2742DD66000E2660;
			productRefGroup = B34A94D82742DD66000E2660 /* Products */;
			projectDirPath = "";
			projectRoot = "";
			targets = (
				B34A94D62742DD66000E2660 /* DropGame */,
			);
		};
/* End PBXProject section */

/* Begin PBXResourcesBuildPhase section */
		B34A94D52742DD66000E2660 /* Resources */ = {
			isa = PBXResourcesBuildPhase;
			buildActionMask = 2147483647;
			files = (
				B34A94E22742DD67000E2660 /* Preview Assets.xcassets in Resources */,
				B34A94DF2742DD67000E2660 /* Assets.xcassets in Resources */,
			);
			runOnlyForDeploymentPostprocessing = 0;
		};
/* End PBXResourcesBuildPhase section */

/* Begin PBXSourcesBuildPhase section */
		B34A94D32742DD66000E2660 /* Sources */ = {
			isa = PBXSourcesBuildPhase;
			buildActionMask = 2147483647;
			files = (
				B34A94EF2742DE3E000E2660 /* GameScene.swift in Sources */,
				B34A94DD2742DD66000E2660 /* DropGameView.swift in Sources */,
				B34A94DB2742DD66000E2660 /* DropGameApp.swift in Sources */,
			);
			runOnlyForDeploymentPostprocessing = 0;
		};
/* End PBXSourcesBuildPhase section */

/* Begin XCBuildConfiguration section */
		B34A94E42742DD67000E2660 /* Debug */ = {
			isa = XCBuildConfiguration;
			buildSettings = {
				ALWAYS_SEARCH_USER_PATHS = NO;
				CLANG_ANALYZER_NONNULL = YES;
				CLANG_ANALYZER_NUMBER_OBJECT_CONVERSION = YES_AGGRESSIVE;
				CLANG_CXX_LANGUAGE_STANDARD = "gnu++14";
				CLANG_CXX_LIBRARY = "libc++";
				CLANG_ENABLE_MODULES = YES;
				CLANG_ENABLE_OBJC_ARC = YES;
				CLANG_ENABLE_OBJC_WEAK = YES;
				CLANG_WARN_BLOCK_CAPTURE_AUTORELEASING = YES;
				CLANG_WARN_BOOL_CONVERSION = YES;
				CLANG_WARN_COMMA = YES;
				CLANG_WARN_CONSTANT_CONVERSION = YES;
				CLANG_WARN_DEPRECATED_OBJC_IMPLEMENTATIONS = YES;
				CLANG_WARN_DIRECT_OBJC_ISA_USAGE = YES_ERROR;
				CLANG_WARN_DOCUMENTATION_COMMENTS = YES;
				CLANG_WARN_EMPTY_BODY = YES;
				CLANG_WARN_ENUM_CONVERSION = YES;
				CLANG_WARN_INFINITE_RECURSION = YES;
				CLANG_WARN_INT_CONVERSION = YES;
				CLANG_WARN_NON_LITERAL_NULL_CONVERSION = YES;
				CLANG_WARN_OBJC_IMPLICIT_RETAIN_SELF = YES;
				CLANG_WARN_OBJC_LITERAL_CONVERSION = YES;
				CLANG_WARN_OBJC_ROOT_CLASS = YES_ERROR;
				CLANG_WARN_QUOTED_INCLUDE_IN_FRAMEWORK_HEADER = YES;
				CLANG_WARN_RANGE_LOOP_ANALYSIS = YES;
				CLANG_WARN_STRICT_PROTOTYPES = YES;
				CLANG_WARN_SUSPICIOUS_MOVE = YES;
				CLANG_WARN_UNGUARDED_AVAILABILITY = YES_AGGRESSIVE;
				CLANG_WARN_UNREACHABLE_CODE = YES;
				CLANG_WARN__DUPLICATE_METHOD_MATCH = YES;
				COPY_PHASE_STRIP = NO;
				DEBUG_INFORMATION_FORMAT = dwarf;
				ENABLE_STRICT_OBJC_MSGSEND = YES;
				ENABLE_TESTABILITY = YES;
				GCC_C_LANGUAGE_STANDARD = gnu11;
				GCC_DYNAMIC_NO_PIC = NO;
				GCC_NO_COMMON_BLOCKS = YES;
				GCC_OPTIMIZATION_LEVEL = 0;
				GCC_PREPROCESSOR_DEFINITIONS = (
					"DEBUG=1",
					"$(inherited)",
				);
				GCC_WARN_64_TO_32_BIT_CONVERSION = YES;
				GCC_WARN_ABOUT_RETURN_TYPE = YES_ERROR;
				GCC_WARN_UNDECLARED_SELECTOR = YES;
				GCC_WARN_UNINITIALIZED_AUTOS = YES_AGGRESSIVE;
				GCC_WARN_UNUSED_FUNCTION = YES;
				GCC_WARN_UNUSED_VARIABLE = YES;
				IPHONEOS_DEPLOYMENT_TARGET = 14.2;
				MTL_ENABLE_DEBUG_INFO = INCLUDE_SOURCE;
				MTL_FAST_MATH = YES;
				ONLY_ACTIVE_ARCH = YES;
				SDKROOT = iphoneos;
				SWIFT_ACTIVE_COMPILATION_CONDITIONS = DEBUG;
				SWIFT_OPTIMIZATION_LEVEL = "-Onone";
			};
			name = Debug;
		};
		B34A94E52742DD67000E2660 /* Release */ = {
			isa = XCBuildConfiguration;
			buildSettings = {
				ALWAYS_SEARCH_USER_PATHS = NO;
				CLANG_ANALYZER_NONNULL = YES;
				CLANG_ANALYZER_NUMBER_OBJECT_CONVERSION = YES_AGGRESSIVE;
				CLANG_CXX_LANGUAGE_STANDARD = "gnu++14";
				CLANG_CXX_LIBRARY = "libc++";
				CLANG_ENABLE_MODULES = YES;
				CLANG_ENABLE_OBJC_ARC = YES;
				CLANG_ENABLE_OBJC_WEAK = YES;
				CLANG_WARN_BLOCK_CAPTURE_AUTORELEASING = YES;
				CLANG_WARN_BOOL_CONVERSION = YES;
				CLANG_WARN_COMMA = YES;
				CLANG_WARN_CONSTANT_CONVERSION = YES;
				CLANG_WARN_DEPRECATED_OBJC_IMPLEMENTATIONS = YES;
				CLANG_WARN_DIRECT_OBJC_ISA_USAGE = YES_ERROR;
				CLANG_WARN_DOCUMENTATION_COMMENTS = YES;
				CLANG_WARN_EMPTY_BODY = YES;
				CLANG_WARN_ENUM_CONVERSION = YES;
				CLANG_WARN_INFINITE_RECURSION = YES;
				CLANG_WARN_INT_CONVERSION = YES;
				CLANG_WARN_NON_LITERAL_NULL_CONVERSION = YES;
				CLANG_WARN_OBJC_IMPLICIT_RETAIN_SELF = YES;
				CLANG_WARN_OBJC_LITERAL_CONVERSION = YES;
				CLANG_WARN_OBJC_ROOT_CLASS = YES_ERROR;
				CLANG_WARN_QUOTED_INCLUDE_IN_FRAMEWORK_HEADER = YES;
				CLANG_WARN_RANGE_LOOP_ANALYSIS = YES;
				CLANG_WARN_STRICT_PROTOTYPES = YES;
				CLANG_WARN_SUSPICIOUS_MOVE = YES;
				CLANG_WARN_UNGUARDED_AVAILABILITY = YES_AGGRESSIVE;
				CLANG_WARN_UNREACHABLE_CODE = YES;
				CLANG_WARN__DUPLICATE_METHOD_MATCH = YES;
				COPY_PHASE_STRIP = NO;
				DEBUG_INFORMATION_FORMAT = "dwarf-with-dsym";
				ENABLE_NS_ASSERTIONS = NO;
				ENABLE_STRICT_OBJC_MSGSEND = YES;
				GCC_C_LANGUAGE_STANDARD = gnu11;
				GCC_NO_COMMON_BLOCKS = YES;
				GCC_WARN_64_TO_32_BIT_CONVERSION = YES;
				GCC_WARN_ABOUT_RETURN_TYPE = YES_ERROR;
				GCC_WARN_UNDECLARED_SELECTOR = YES;
				GCC_WARN_UNINITIALIZED_AUTOS = YES_AGGRESSIVE;
				GCC_WARN_UNUSED_FUNCTION = YES;
				GCC_WARN_UNUSED_VARIABLE = YES;
				IPHONEOS_DEPLOYMENT_TARGET = 14.2;
				MTL_ENABLE_DEBUG_INFO = NO;
				MTL_FAST_MATH = YES;
				SDKROOT = iphoneos;
				SWIFT_COMPILATION_MODE = wholemodule;
				SWIFT_OPTIMIZATION_LEVEL = "-O";
				VALIDATE_PRODUCT = YES;
			};
			name = Release;
		};
		B34A94E72742DD67000E2660 /* Debug */ = {
			isa = XCBuildConfiguration;
			buildSettings = {
				ASSETCATALOG_COMPILER_APPICON_NAME = AppIcon;
				ASSETCATALOG_COMPILER_GLOBAL_ACCENT_COLOR_NAME = AccentColor;
				CODE_SIGN_STYLE = Automatic;
				DEVELOPMENT_ASSET_PATHS = "\"DropGame/Preview Content\"";
				ENABLE_PREVIEWS = YES;
				INFOPLIST_FILE = DropGame/Resources/Info.plist;
				IPHONEOS_DEPLOYMENT_TARGET = 14.0;
				LD_RUNPATH_SEARCH_PATHS = (
					"$(inherited)",
					"@executable_path/Frameworks",
				);
				PRODUCT_BUNDLE_IDENTIFIER = CTEC.DropGame;
				PRODUCT_NAME = "$(TARGET_NAME)";
				SWIFT_VERSION = 5.0;
				TARGETED_DEVICE_FAMILY = "1,2";
			};
			name = Debug;
		};
		B34A94E82742DD67000E2660 /* Release */ = {
			isa = XCBuildConfiguration;
			buildSettings = {
				ASSETCATALOG_COMPILER_APPICON_NAME = AppIcon;
				ASSETCATALOG_COMPILER_GLOBAL_ACCENT_COLOR_NAME = AccentColor;
				CODE_SIGN_STYLE = Automatic;
				DEVELOPMENT_ASSET_PATHS = "\"DropGame/Preview Content\"";
				ENABLE_PREVIEWS = YES;
				INFOPLIST_FILE = DropGame/Resources/Info.plist;
				IPHONEOS_DEPLOYMENT_TARGET = 14.0;
				LD_RUNPATH_SEARCH_PATHS = (
					"$(inherited)",
					"@executable_path/Frameworks",
				);
				PRODUCT_BUNDLE_IDENTIFIER = CTEC.DropGame;
				PRODUCT_NAME = "$(TARGET_NAME)";
				SWIFT_VERSION = 5.0;
				TARGETED_DEVICE_FAMILY = "1,2";
			};
			name = Release;
		};
/* End XCBuildConfiguration section */

/* Begin XCConfigurationList section */
		B34A94D22742DD66000E2660 /* Build configuration list for PBXProject "DropGame" */ = {
			isa = XCConfigurationList;
			buildConfigurations = (
				B34A94E42742DD67000E2660 /* Debug */,
				B34A94E52742DD67000E2660 /* Release */,
			);
			defaultConfigurationIsVisible = 0;
			defaultConfigurationName = Release;
		};
		B34A94E62742DD67000E2660 /* Build configuration list for PBXNativeTarget "DropGame" */ = {
			isa = XCConfigurationList;
			buildConfigurations = (
				B34A94E72742DD67000E2660 /* Debug */,
				B34A94E82742DD67000E2660 /* Release */,
			);
			defaultConfigurationIsVisible = 0;
			defaultConfigurationName = Release;
		};
/* End XCConfigurationList section */
	};
	rootObject = B34A94CF2742DD66000E2660 /* Project object */;
}
